
Microsoft Visual Studio Solution File, Format Version 12.00
# Visual Studio Version 16
VisualStudioVersion = 16.0.30204.135
MinimumVisualStudioVersion = 10.0.40219.1
Project("{FAE04EC0-301F-11D3-BF4B-00C04F79EFBC}") = "BatchPlantClient", "BatchPlantClient\BatchPlantClient.csproj", "{435FAB87-9DB7-421B-B82D-D77EF285F4CF}"
EndProject
Global
	GlobalSection(SolutionConfigurationPlatforms) = preSolution
		Debug|Any CPU = Debug|Any CPU
		Release|Any CPU = Release|Any CPU
	EndGlobalSection
	GlobalSection(ProjectConfigurationPlatforms) = postSolution
		{435FAB87-9DB7-421B-B82D-D77EF285F4CF}.Debug|Any CPU.ActiveCfg = Debug|Any CPU
		{435FAB87-9DB7-421B-B82D-D77EF285F4CF}.Debug|Any CPU.Build.0 = Debug|Any CPU
		{435FAB87-9DB7-421B-B82D-D77EF285F4CF}.Release|Any CPU.ActiveCfg = Release|Any CPU
		{435FAB87-9DB7-421B-B82D-D77EF285F4CF}.Release|Any CPU.Build.0 = Release|Any CPU
	EndGlobalSection
	GlobalSection(SolutionProperties) = preSolution
		HideSolutionNode = FALSE
	EndGlobalSection
	GlobalSection(ExtensibilityGlobals) = postSolution
		SolutionGuid = {7C58F87E-6EA6-47DA-BF78-94FA59F1B6D7}
	EndGlobalSection
EndGlobal
